
Microsoft Visual Studio Solution File, Format Version 12.00
Project("{FAE04EC0-301F-11D3-BF4B-00C04F79EFBC}") = "YandexCloudVMTagChecker", "src\YandexCloudVMTagChecker\YandexCloudVMTagChecker.csproj", "{269E51A0-3B0B-43A7-9D20-E339AB4B8826}"
EndProject
Project("{2150E333-8FDC-42A3-9474-1A3956D46DE8}") = "src", "src", "{2B4B5015-F365-4467-A66D-F08FD0310383}"
EndProject
Project("{2150E333-8FDC-42A3-9474-1A3956D46DE8}") = "common", "common", "{8011FDBE-953F-4C2E-BFC2-066C3452918D}"
	ProjectSection(SolutionItems) = preProject
		docker-compose.yml = docker-compose.yml
		.env = .env
		example.env = example.env
		entrypoint.sh = entrypoint.sh
		crontab = crontab
	EndProjectSection
EndProject
Global
	GlobalSection(SolutionConfigurationPlatforms) = preSolution
		Debug|Any CPU = Debug|Any CPU
		Release|Any CPU = Release|Any CPU
	EndGlobalSection
	GlobalSection(ProjectConfigurationPlatforms) = postSolution
		{269E51A0-3B0B-43A7-9D20-E339AB4B8826}.Debug|Any CPU.ActiveCfg = Debug|Any CPU
		{269E51A0-3B0B-43A7-9D20-E339AB4B8826}.Debug|Any CPU.Build.0 = Debug|Any CPU
		{269E51A0-3B0B-43A7-9D20-E339AB4B8826}.Release|Any CPU.ActiveCfg = Release|Any CPU
		{269E51A0-3B0B-43A7-9D20-E339AB4B8826}.Release|Any CPU.Build.0 = Release|Any CPU
	EndGlobalSection
	GlobalSection(NestedProjects) = preSolution
		{269E51A0-3B0B-43A7-9D20-E339AB4B8826} = {2B4B5015-F365-4467-A66D-F08FD0310383}
	EndGlobalSection
EndGlobal
